
Microsoft Visual Studio Solution File, Format Version 12.00
# Visual Studio Version 17
VisualStudioVersion = 17.7.34202.233
MinimumVisualStudioVersion = 10.0.40219.1
Project("{FAE04EC0-301F-11D3-BF4B-00C04F79EFBC}") = "01.Problem", "01.Problem\01.Problem.csproj", "{816BB2F4-6EF2-4778-9ABF-7EF3DE2130B5}"
EndProject
Project("{FAE04EC0-301F-11D3-BF4B-00C04F79EFBC}") = "02.Problem", "02.Problem\02.Problem.csproj", "{95FCF686-F433-4272-9FE5-2B12777BCD8C}"
EndProject
Project("{FAE04EC0-301F-11D3-BF4B-00C04F79EFBC}") = "03.Problem", "03.Problem\03.Problem.csproj", "{4C1496F8-36F9-48D7-964B-FCF475063405}"
EndProject
Global
	GlobalSection(SolutionConfigurationPlatforms) = preSolution
		Debug|Any CPU = Debug|Any CPU
		Release|Any CPU = Release|Any CPU
	EndGlobalSection
	GlobalSection(ProjectConfigurationPlatforms) = postSolution
		{816BB2F4-6EF2-4778-9ABF-7EF3DE2130B5}.Debug|Any CPU.ActiveCfg = Debug|Any CPU
		{816BB2F4-6EF2-4778-9ABF-7EF3DE2130B5}.Debug|Any CPU.Build.0 = Debug|Any CPU
		{816BB2F4-6EF2-4778-9ABF-7EF3DE2130B5}.Release|Any CPU.ActiveCfg = Release|Any CPU
		{816BB2F4-6EF2-4778-9ABF-7EF3DE2130B5}.Release|Any CPU.Build.0 = Release|Any CPU
		{95FCF686-F433-4272-9FE5-2B12777BCD8C}.Debug|Any CPU.ActiveCfg = Debug|Any CPU
		{95FCF686-F433-4272-9FE5-2B12777BCD8C}.Debug|Any CPU.Build.0 = Debug|Any CPU
		{95FCF686-F433-4272-9FE5-2B12777BCD8C}.Release|Any CPU.ActiveCfg = Release|Any CPU
		{95FCF686-F433-4272-9FE5-2B12777BCD8C}.Release|Any CPU.Build.0 = Release|Any CPU
		{4C1496F8-36F9-48D7-964B-FCF475063405}.Debug|Any CPU.ActiveCfg = Debug|Any CPU
		{4C1496F8-36F9-48D7-964B-FCF475063405}.Debug|Any CPU.Build.0 = Debug|Any CPU
		{4C1496F8-36F9-48D7-964B-FCF475063405}.Release|Any CPU.ActiveCfg = Release|Any CPU
		{4C1496F8-36F9-48D7-964B-FCF475063405}.Release|Any CPU.Build.0 = Release|Any CPU
	EndGlobalSection
	GlobalSection(SolutionProperties) = preSolution
		HideSolutionNode = FALSE
	EndGlobalSection
	GlobalSection(ExtensibilityGlobals) = postSolution
		SolutionGuid = {083F46DD-A6DF-4A09-AC72-96005BA1F529}
	EndGlobalSection
EndGlobal
